
Microsoft Visual Studio Solution File, Format Version 12.00
# Visual Studio 2013
VisualStudioVersion = 12.0.30723.0
MinimumVisualStudioVersion = 10.0.40219.1
Project("{FAE04EC0-301F-11D3-BF4B-00C04F79EFBC}") = "Napoleon.Log4Module.Log", "Napoleon.Log4Module.Log\Napoleon.Log4Module.Log.csproj", "{19F3EBCE-8D93-4CEF-9882-7A9668F66219}"
EndProject
Global
	GlobalSection(SolutionConfigurationPlatforms) = preSolution
		Debug|Any CPU = Debug|Any CPU
		Release|Any CPU = Release|Any CPU
	EndGlobalSection
	GlobalSection(ProjectConfigurationPlatforms) = postSolution
		{19F3EBCE-8D93-4CEF-9882-7A9668F66219}.Debug|Any CPU.ActiveCfg = Debug|Any CPU
		{19F3EBCE-8D93-4CEF-9882-7A9668F66219}.Debug|Any CPU.Build.0 = Debug|Any CPU
		{19F3EBCE-8D93-4CEF-9882-7A9668F66219}.Release|Any CPU.ActiveCfg = Release|Any CPU
		{19F3EBCE-8D93-4CEF-9882-7A9668F66219}.Release|Any CPU.Build.0 = Release|Any CPU
	EndGlobalSection
	GlobalSection(SolutionProperties) = preSolution
		HideSolutionNode = FALSE
	EndGlobalSection
EndGlobal
